{
  "name": "chat-share",
  "lockfileVersion": 3,
  "requires": true,
  "packages": {
    "": {
      "dependencies": {
        "remixicon": "^4.2.0"
      }
    },
    "node_modules/remixicon": {
      "version": "4.2.0",
      "resolved": "https://registry.npmjs.org/remixicon/-/remixicon-4.2.0.tgz",
      "integrity": "sha512-MF5wApNveRh3n0iMVM+lr2nSWrj/rBbSD2eWapuD9ReYRGs5naAUR1BqVBCHGqm286FIS6zwwmUf96QjHQ9l4w=="
    }
  }
}
